
Microsoft Visual Studio Solution File, Format Version 12.00
Project("{FAE04EC0-301F-11D3-BF4B-00C04F79EFBC}") = "SudokuSolver", "SudokuSolver\SudokuSolver.csproj", "{7F5D2556-B7DE-4E8C-A42A-728357E73FDF}"
EndProject
Project("{FAE04EC0-301F-11D3-BF4B-00C04F79EFBC}") = "SudokuSolverTests", "SudokuSolverTests\SudokuSolverTests.csproj", "{CDA7C65B-443A-4648-83AA-F8D1B3C758FD}"
EndProject
Global
	GlobalSection(SolutionConfigurationPlatforms) = preSolution
		Debug|Any CPU = Debug|Any CPU
		Release|Any CPU = Release|Any CPU
	EndGlobalSection
	GlobalSection(ProjectConfigurationPlatforms) = postSolution
		{7F5D2556-B7DE-4E8C-A42A-728357E73FDF}.Debug|Any CPU.ActiveCfg = Debug|Any CPU
		{7F5D2556-B7DE-4E8C-A42A-728357E73FDF}.Debug|Any CPU.Build.0 = Debug|Any CPU
		{7F5D2556-B7DE-4E8C-A42A-728357E73FDF}.Release|Any CPU.ActiveCfg = Release|Any CPU
		{7F5D2556-B7DE-4E8C-A42A-728357E73FDF}.Release|Any CPU.Build.0 = Release|Any CPU
		{CDA7C65B-443A-4648-83AA-F8D1B3C758FD}.Debug|Any CPU.ActiveCfg = Debug|Any CPU
		{CDA7C65B-443A-4648-83AA-F8D1B3C758FD}.Debug|Any CPU.Build.0 = Debug|Any CPU
		{CDA7C65B-443A-4648-83AA-F8D1B3C758FD}.Release|Any CPU.ActiveCfg = Release|Any CPU
		{CDA7C65B-443A-4648-83AA-F8D1B3C758FD}.Release|Any CPU.Build.0 = Release|Any CPU
	EndGlobalSection
EndGlobal
